
Microsoft Visual Studio Solution File, Format Version 12.00
# Visual Studio Version 17
VisualStudioVersion = 17.5.002.0
MinimumVisualStudioVersion = 10.0.40219.1
Project("{2150E333-8FDC-42A3-9474-1A3956D46DE8}") = "bot-core", "bot-core", "{5B0D1E19-56E2-495F-8E54-FFB8A2103B14}"
EndProject
Project("{FAE04EC0-301F-11D3-BF4B-00C04F79EFBC}") = "Core.Context", "bot-core\Core.Context\Core.Context.csproj", "{D87A649A-E67E-4214-B284-A33CFF408F86}"
EndProject
Project("{2150E333-8FDC-42A3-9474-1A3956D46DE8}") = "bot", "bot", "{B45CAEF6-4F6C-4ADD-8348-4458A61EA87C}"
EndProject
Project("{FAE04EC0-301F-11D3-BF4B-00C04F79EFBC}") = "Handler", "bot\Engine\Engine.csproj", "{8761DCBD-A323-4B1C-A847-820E8CE845F7}"
EndProject
Project("{FAE04EC0-301F-11D3-BF4B-00C04F79EFBC}") = "Core.ChatState", "bot-core\Core.ChatState\Core.ChatState.csproj", "{64D05025-BF6E-41CA-85F4-3C050380B4B7}"
EndProject
Project("{2150E333-8FDC-42A3-9474-1A3956D46DE8}") = "bot-storage", "bot-storage", "{8A6A6F51-8208-4A2C-B1A9-9569CE8076CD}"
EndProject
Project("{FAE04EC0-301F-11D3-BF4B-00C04F79EFBC}") = "Storage.Contract", "bot-storage\Storage.Contract\Storage.Contract.csproj", "{C225F650-750A-4D13-AE16-AA1ACE835622}"
EndProject
Project("{FAE04EC0-301F-11D3-BF4B-00C04F79EFBC}") = "Storage.Azure.Blob", "bot-storage\Storage.Azure.Blob\Storage.Azure.Blob.csproj", "{E7B768E9-0C75-417A-B8A7-881AB20C20E2}"
EndProject
Project("{2150E333-8FDC-42A3-9474-1A3956D46DE8}") = "bot-chat-flow", "bot-chat-flow", "{50A75B7F-CD0D-4DE7-A5D2-DF7E159778AD}"
EndProject
Project("{FAE04EC0-301F-11D3-BF4B-00C04F79EFBC}") = "ChatFlow.Core", "bot-chat-flow\ChatFlow.Core\ChatFlow.Core.csproj", "{A88B2D2A-1608-43D0-90E4-B1FAC83EC1AC}"
EndProject
Project("{FAE04EC0-301F-11D3-BF4B-00C04F79EFBC}") = "ChatFlow.Extensions", "bot-chat-flow\ChatFlow.Extensions\ChatFlow.Extensions.csproj", "{DAAE0B06-E7AD-421C-8BD9-CEE2B6049910}"
EndProject
Project("{FAE04EC0-301F-11D3-BF4B-00C04F79EFBC}") = "Core.ChatUser", "bot-core\Core.ChatUser\Core.ChatUser.csproj", "{E9B5BEE5-5C4B-4F9B-8E28-F31A79E49717}"
EndProject
Project("{2150E333-8FDC-42A3-9474-1A3956D46DE8}") = "bot-authorization", "bot-authorization", "{DB90C0B2-7A4F-440C-8D96-1B5A4EA00397}"
EndProject
Project("{FAE04EC0-301F-11D3-BF4B-00C04F79EFBC}") = "Authorization.Api.Contract", "bot-authorization\Authorization.Api.Contract\Authorization.Api.Contract.csproj", "{86AE3C52-4FDC-40FF-B77D-E1C9F8350BFB}"
EndProject
Project("{FAE04EC0-301F-11D3-BF4B-00C04F79EFBC}") = "Authorization.Api.Dataverse", "bot-authorization\Authorization.Api.Dataverse\Authorization.Api.Dataverse.csproj", "{37A501D8-CCDF-4A24-A9EB-16D27E30515B}"
EndProject
Project("{FAE04EC0-301F-11D3-BF4B-00C04F79EFBC}") = "Authorization.Azure", "bot-authorization\Authorization.Azure\Authorization.Azure.csproj", "{AEDCA775-E06B-4704-B0E4-7F20FDCFE21B}"
EndProject
Project("{FAE04EC0-301F-11D3-BF4B-00C04F79EFBC}") = "Engine.Generator", "bot\Engine.Generator\Engine.Generator.csproj", "{D4559F52-5E14-4C17-BAE3-0AE3F607371F}"
EndProject
Project("{FAE04EC0-301F-11D3-BF4B-00C04F79EFBC}") = "ChatFlow.Step.Date", "bot-chat-flow\ChatFlow.Step.Date\ChatFlow.Step.Date.csproj", "{550B6D5C-10EA-4A1E-A0B7-50BC91F287A3}"
EndProject
Project("{FAE04EC0-301F-11D3-BF4B-00C04F79EFBC}") = "ChatFlow.Step.Choice", "bot-chat-flow\ChatFlow.Step.Choice\ChatFlow.Step.Choice.csproj", "{97920410-5BE3-4E4F-8E62-E1AD37AD3CF7}"
EndProject
Project("{FAE04EC0-301F-11D3-BF4B-00C04F79EFBC}") = "ChatFlow.Step.Value", "bot-chat-flow\ChatFlow.Step.Value\ChatFlow.Step.Value.csproj", "{F3073E75-AEF0-4C56-BED0-4DF93077EEF5}"
EndProject
Project("{FAE04EC0-301F-11D3-BF4B-00C04F79EFBC}") = "ChatFlow.Step.Card", "bot-chat-flow\ChatFlow.Step.Card\ChatFlow.Step.Card.csproj", "{86257776-6545-4C98-91AB-C7D2F6640205}"
EndProject
Global
	GlobalSection(SolutionConfigurationPlatforms) = preSolution
		Debug|Any CPU = Debug|Any CPU
		Release|Any CPU = Release|Any CPU
	EndGlobalSection
	GlobalSection(ProjectConfigurationPlatforms) = postSolution
		{D87A649A-E67E-4214-B284-A33CFF408F86}.Debug|Any CPU.ActiveCfg = Debug|Any CPU
		{D87A649A-E67E-4214-B284-A33CFF408F86}.Debug|Any CPU.Build.0 = Debug|Any CPU
		{D87A649A-E67E-4214-B284-A33CFF408F86}.Release|Any CPU.ActiveCfg = Release|Any CPU
		{D87A649A-E67E-4214-B284-A33CFF408F86}.Release|Any CPU.Build.0 = Release|Any CPU
		{8761DCBD-A323-4B1C-A847-820E8CE845F7}.Debug|Any CPU.ActiveCfg = Debug|Any CPU
		{8761DCBD-A323-4B1C-A847-820E8CE845F7}.Debug|Any CPU.Build.0 = Debug|Any CPU
		{8761DCBD-A323-4B1C-A847-820E8CE845F7}.Release|Any CPU.ActiveCfg = Release|Any CPU
		{8761DCBD-A323-4B1C-A847-820E8CE845F7}.Release|Any CPU.Build.0 = Release|Any CPU
		{64D05025-BF6E-41CA-85F4-3C050380B4B7}.Debug|Any CPU.ActiveCfg = Debug|Any CPU
		{64D05025-BF6E-41CA-85F4-3C050380B4B7}.Debug|Any CPU.Build.0 = Debug|Any CPU
		{64D05025-BF6E-41CA-85F4-3C050380B4B7}.Release|Any CPU.ActiveCfg = Release|Any CPU
		{64D05025-BF6E-41CA-85F4-3C050380B4B7}.Release|Any CPU.Build.0 = Release|Any CPU
		{C225F650-750A-4D13-AE16-AA1ACE835622}.Debug|Any CPU.ActiveCfg = Debug|Any CPU
		{C225F650-750A-4D13-AE16-AA1ACE835622}.Debug|Any CPU.Build.0 = Debug|Any CPU
		{C225F650-750A-4D13-AE16-AA1ACE835622}.Release|Any CPU.ActiveCfg = Release|Any CPU
		{C225F650-750A-4D13-AE16-AA1ACE835622}.Release|Any CPU.Build.0 = Release|Any CPU
		{E7B768E9-0C75-417A-B8A7-881AB20C20E2}.Debug|Any CPU.ActiveCfg = Debug|Any CPU
		{E7B768E9-0C75-417A-B8A7-881AB20C20E2}.Debug|Any CPU.Build.0 = Debug|Any CPU
		{E7B768E9-0C75-417A-B8A7-881AB20C20E2}.Release|Any CPU.ActiveCfg = Release|Any CPU
		{E7B768E9-0C75-417A-B8A7-881AB20C20E2}.Release|Any CPU.Build.0 = Release|Any CPU
		{A88B2D2A-1608-43D0-90E4-B1FAC83EC1AC}.Debug|Any CPU.ActiveCfg = Debug|Any CPU
		{A88B2D2A-1608-43D0-90E4-B1FAC83EC1AC}.Debug|Any CPU.Build.0 = Debug|Any CPU
		{A88B2D2A-1608-43D0-90E4-B1FAC83EC1AC}.Release|Any CPU.ActiveCfg = Release|Any CPU
		{A88B2D2A-1608-43D0-90E4-B1FAC83EC1AC}.Release|Any CPU.Build.0 = Release|Any CPU
		{DAAE0B06-E7AD-421C-8BD9-CEE2B6049910}.Debug|Any CPU.ActiveCfg = Debug|Any CPU
		{DAAE0B06-E7AD-421C-8BD9-CEE2B6049910}.Debug|Any CPU.Build.0 = Debug|Any CPU
		{DAAE0B06-E7AD-421C-8BD9-CEE2B6049910}.Release|Any CPU.ActiveCfg = Release|Any CPU
		{DAAE0B06-E7AD-421C-8BD9-CEE2B6049910}.Release|Any CPU.Build.0 = Release|Any CPU
		{E9B5BEE5-5C4B-4F9B-8E28-F31A79E49717}.Debug|Any CPU.ActiveCfg = Debug|Any CPU
		{E9B5BEE5-5C4B-4F9B-8E28-F31A79E49717}.Debug|Any CPU.Build.0 = Debug|Any CPU
		{E9B5BEE5-5C4B-4F9B-8E28-F31A79E49717}.Release|Any CPU.ActiveCfg = Release|Any CPU
		{E9B5BEE5-5C4B-4F9B-8E28-F31A79E49717}.Release|Any CPU.Build.0 = Release|Any CPU
		{86AE3C52-4FDC-40FF-B77D-E1C9F8350BFB}.Debug|Any CPU.ActiveCfg = Debug|Any CPU
		{86AE3C52-4FDC-40FF-B77D-E1C9F8350BFB}.Debug|Any CPU.Build.0 = Debug|Any CPU
		{86AE3C52-4FDC-40FF-B77D-E1C9F8350BFB}.Release|Any CPU.ActiveCfg = Release|Any CPU
		{86AE3C52-4FDC-40FF-B77D-E1C9F8350BFB}.Release|Any CPU.Build.0 = Release|Any CPU
		{37A501D8-CCDF-4A24-A9EB-16D27E30515B}.Debug|Any CPU.ActiveCfg = Debug|Any CPU
		{37A501D8-CCDF-4A24-A9EB-16D27E30515B}.Debug|Any CPU.Build.0 = Debug|Any CPU
		{37A501D8-CCDF-4A24-A9EB-16D27E30515B}.Release|Any CPU.ActiveCfg = Release|Any CPU
		{37A501D8-CCDF-4A24-A9EB-16D27E30515B}.Release|Any CPU.Build.0 = Release|Any CPU
		{AEDCA775-E06B-4704-B0E4-7F20FDCFE21B}.Debug|Any CPU.ActiveCfg = Debug|Any CPU
		{AEDCA775-E06B-4704-B0E4-7F20FDCFE21B}.Debug|Any CPU.Build.0 = Debug|Any CPU
		{AEDCA775-E06B-4704-B0E4-7F20FDCFE21B}.Release|Any CPU.ActiveCfg = Release|Any CPU
		{AEDCA775-E06B-4704-B0E4-7F20FDCFE21B}.Release|Any CPU.Build.0 = Release|Any CPU
		{D4559F52-5E14-4C17-BAE3-0AE3F607371F}.Debug|Any CPU.ActiveCfg = Debug|Any CPU
		{D4559F52-5E14-4C17-BAE3-0AE3F607371F}.Debug|Any CPU.Build.0 = Debug|Any CPU
		{D4559F52-5E14-4C17-BAE3-0AE3F607371F}.Release|Any CPU.ActiveCfg = Release|Any CPU
		{D4559F52-5E14-4C17-BAE3-0AE3F607371F}.Release|Any CPU.Build.0 = Release|Any CPU
		{550B6D5C-10EA-4A1E-A0B7-50BC91F287A3}.Debug|Any CPU.ActiveCfg = Debug|Any CPU
		{550B6D5C-10EA-4A1E-A0B7-50BC91F287A3}.Debug|Any CPU.Build.0 = Debug|Any CPU
		{550B6D5C-10EA-4A1E-A0B7-50BC91F287A3}.Release|Any CPU.ActiveCfg = Release|Any CPU
		{550B6D5C-10EA-4A1E-A0B7-50BC91F287A3}.Release|Any CPU.Build.0 = Release|Any CPU
		{97920410-5BE3-4E4F-8E62-E1AD37AD3CF7}.Debug|Any CPU.ActiveCfg = Debug|Any CPU
		{97920410-5BE3-4E4F-8E62-E1AD37AD3CF7}.Debug|Any CPU.Build.0 = Debug|Any CPU
		{97920410-5BE3-4E4F-8E62-E1AD37AD3CF7}.Release|Any CPU.ActiveCfg = Release|Any CPU
		{97920410-5BE3-4E4F-8E62-E1AD37AD3CF7}.Release|Any CPU.Build.0 = Release|Any CPU
		{F3073E75-AEF0-4C56-BED0-4DF93077EEF5}.Debug|Any CPU.ActiveCfg = Debug|Any CPU
		{F3073E75-AEF0-4C56-BED0-4DF93077EEF5}.Debug|Any CPU.Build.0 = Debug|Any CPU
		{F3073E75-AEF0-4C56-BED0-4DF93077EEF5}.Release|Any CPU.ActiveCfg = Release|Any CPU
		{F3073E75-AEF0-4C56-BED0-4DF93077EEF5}.Release|Any CPU.Build.0 = Release|Any CPU
		{86257776-6545-4C98-91AB-C7D2F6640205}.Debug|Any CPU.ActiveCfg = Debug|Any CPU
		{86257776-6545-4C98-91AB-C7D2F6640205}.Debug|Any CPU.Build.0 = Debug|Any CPU
		{86257776-6545-4C98-91AB-C7D2F6640205}.Release|Any CPU.ActiveCfg = Release|Any CPU
		{86257776-6545-4C98-91AB-C7D2F6640205}.Release|Any CPU.Build.0 = Release|Any CPU
	EndGlobalSection
	GlobalSection(SolutionProperties) = preSolution
		HideSolutionNode = FALSE
	EndGlobalSection
	GlobalSection(NestedProjects) = preSolution
		{D87A649A-E67E-4214-B284-A33CFF408F86} = {5B0D1E19-56E2-495F-8E54-FFB8A2103B14}
		{8761DCBD-A323-4B1C-A847-820E8CE845F7} = {B45CAEF6-4F6C-4ADD-8348-4458A61EA87C}
		{64D05025-BF6E-41CA-85F4-3C050380B4B7} = {5B0D1E19-56E2-495F-8E54-FFB8A2103B14}
		{C225F650-750A-4D13-AE16-AA1ACE835622} = {8A6A6F51-8208-4A2C-B1A9-9569CE8076CD}
		{E7B768E9-0C75-417A-B8A7-881AB20C20E2} = {8A6A6F51-8208-4A2C-B1A9-9569CE8076CD}
		{A88B2D2A-1608-43D0-90E4-B1FAC83EC1AC} = {50A75B7F-CD0D-4DE7-A5D2-DF7E159778AD}
		{DAAE0B06-E7AD-421C-8BD9-CEE2B6049910} = {50A75B7F-CD0D-4DE7-A5D2-DF7E159778AD}
		{E9B5BEE5-5C4B-4F9B-8E28-F31A79E49717} = {5B0D1E19-56E2-495F-8E54-FFB8A2103B14}
		{86AE3C52-4FDC-40FF-B77D-E1C9F8350BFB} = {DB90C0B2-7A4F-440C-8D96-1B5A4EA00397}
		{37A501D8-CCDF-4A24-A9EB-16D27E30515B} = {DB90C0B2-7A4F-440C-8D96-1B5A4EA00397}
		{AEDCA775-E06B-4704-B0E4-7F20FDCFE21B} = {DB90C0B2-7A4F-440C-8D96-1B5A4EA00397}
		{D4559F52-5E14-4C17-BAE3-0AE3F607371F} = {B45CAEF6-4F6C-4ADD-8348-4458A61EA87C}
		{550B6D5C-10EA-4A1E-A0B7-50BC91F287A3} = {50A75B7F-CD0D-4DE7-A5D2-DF7E159778AD}
		{97920410-5BE3-4E4F-8E62-E1AD37AD3CF7} = {50A75B7F-CD0D-4DE7-A5D2-DF7E159778AD}
		{F3073E75-AEF0-4C56-BED0-4DF93077EEF5} = {50A75B7F-CD0D-4DE7-A5D2-DF7E159778AD}
		{86257776-6545-4C98-91AB-C7D2F6640205} = {50A75B7F-CD0D-4DE7-A5D2-DF7E159778AD}
	EndGlobalSection
	GlobalSection(ExtensibilityGlobals) = postSolution
		SolutionGuid = {10EECB7A-803C-4EA3-A1CF-89DF83B7FAEA}
	EndGlobalSection
EndGlobal
