
Microsoft Visual Studio Solution File, Format Version 12.00
# Visual Studio Version 17
VisualStudioVersion = 17.5.002.0
MinimumVisualStudioVersion = 10.0.40219.1
Project("{9A19103F-16F7-4668-BE54-9A1E7A4F7556}") = "Bot.Core.Contract", "Bot.Core.Contract\Bot.Core.Contract.csproj", "{B9E3BBDD-7B2E-464A-B871-34B01BFC794C}"
EndProject
Global
	GlobalSection(SolutionConfigurationPlatforms) = preSolution
		Debug|Any CPU = Debug|Any CPU
		Release|Any CPU = Release|Any CPU
	EndGlobalSection
	GlobalSection(ProjectConfigurationPlatforms) = postSolution
		{B9E3BBDD-7B2E-464A-B871-34B01BFC794C}.Debug|Any CPU.ActiveCfg = Debug|Any CPU
		{B9E3BBDD-7B2E-464A-B871-34B01BFC794C}.Debug|Any CPU.Build.0 = Debug|Any CPU
		{B9E3BBDD-7B2E-464A-B871-34B01BFC794C}.Release|Any CPU.ActiveCfg = Release|Any CPU
		{B9E3BBDD-7B2E-464A-B871-34B01BFC794C}.Release|Any CPU.Build.0 = Release|Any CPU
	EndGlobalSection
	GlobalSection(SolutionProperties) = preSolution
		HideSolutionNode = FALSE
	EndGlobalSection
	GlobalSection(ExtensibilityGlobals) = postSolution
		SolutionGuid = {10EECB7A-803C-4EA3-A1CF-89DF83B7FAEA}
	EndGlobalSection
EndGlobal
